
Microsoft Visual Studio Solution File, Format Version 12.00
# Visual Studio Version 17
VisualStudioVersion = 17.0.31903.59
MinimumVisualStudioVersion = 10.0.40219.1
Project("{2150E333-8FDC-42A3-9474-1A3956D46DE8}") = "src", "src", "{827E0CD3-B72D-47B6-A68D-7590B98EB39B}"
EndProject
Project("{2150E333-8FDC-42A3-9474-1A3956D46DE8}") = "BuildingBlocks", "BuildingBlocks", "{90298CBA-BD6F-3A0A-69D5-97CAD7B05E7E}"
EndProject
Project("{FAE04EC0-301F-11D3-BF4B-00C04F79EFBC}") = "Enterprise.SharedKernel", "src\BuildingBlocks\Enterprise.SharedKernel\Enterprise.SharedKernel.csproj", "{A2F9850A-14CF-4615-B11E-693FECEBB236}"
EndProject
Project("{FAE04EC0-301F-11D3-BF4B-00C04F79EFBC}") = "Enterprise.Application", "src\BuildingBlocks\Enterprise.Application\Enterprise.Application.csproj", "{509B1417-1A85-4BAF-92FF-0497559A4662}"
EndProject
Project("{FAE04EC0-301F-11D3-BF4B-00C04F79EFBC}") = "Enterprise.Configuration", "src\BuildingBlocks\Enterprise.Configuration\Enterprise.Configuration.csproj", "{C4D48858-995C-4E45-9C4E-080C09FDBBB0}"
EndProject
Project("{FAE04EC0-301F-11D3-BF4B-00C04F79EFBC}") = "Enterprise.Messaging", "src\BuildingBlocks\Enterprise.Messaging\Enterprise.Messaging.csproj", "{0FC462B7-F4D1-4D45-B708-036C8FBAB601}"
EndProject
Project("{FAE04EC0-301F-11D3-BF4B-00C04F79EFBC}") = "Enterprise.Observability", "src\BuildingBlocks\Enterprise.Observability\Enterprise.Observability.csproj", "{DCA2F5E6-ACF1-4FF2-B799-EA045D064DA7}"
EndProject
Project("{FAE04EC0-301F-11D3-BF4B-00C04F79EFBC}") = "Enterprise.Persistence", "src\BuildingBlocks\Enterprise.Persistence\Enterprise.Persistence.csproj", "{FCC79EB7-6359-4BC7-9259-B80C06BBDAE9}"
EndProject
Project("{FAE04EC0-301F-11D3-BF4B-00C04F79EFBC}") = "Enterprise.Security", "src\BuildingBlocks\Enterprise.Security\Enterprise.Security.csproj", "{8412365A-09E7-40A3-B972-7500D68B28E5}"
EndProject
Project("{FAE04EC0-301F-11D3-BF4B-00C04F79EFBC}") = "Enterprise.ServiceDefaults", "src\BuildingBlocks\Enterprise.ServiceDefaults\Enterprise.ServiceDefaults.csproj", "{535A896D-8A30-4E7B-93A8-1A3D7E13A714}"
EndProject
Project("{FAE04EC0-301F-11D3-BF4B-00C04F79EFBC}") = "Gateway.Api", "src\Gateway\Gateway.Api\Gateway.Api.csproj", "{C405D2A1-73FA-42C9-9436-A5686D7AA94E}"
EndProject
Project("{FAE04EC0-301F-11D3-BF4B-00C04F79EFBC}") = "AuthService.Api", "src\Identity\AuthService.Api\AuthService.Api.csproj", "{3FD3528B-1A47-402B-AB17-5E940438E8F9}"
EndProject
Project("{FAE04EC0-301F-11D3-BF4B-00C04F79EFBC}") = "CatalogService.Api", "src\Services\Catalog\CatalogService.Api\CatalogService.Api.csproj", "{48D58723-AFE6-4862-888C-F09538636F15}"
EndProject
Project("{FAE04EC0-301F-11D3-BF4B-00C04F79EFBC}") = "CatalogService.Application", "src\Services\Catalog\CatalogService.Application\CatalogService.Application.csproj", "{C94DCB80-954B-49CC-BB39-27B76AB707D7}"
EndProject
Project("{FAE04EC0-301F-11D3-BF4B-00C04F79EFBC}") = "CatalogService.Contracts", "src\Services\Catalog\CatalogService.Contracts\CatalogService.Contracts.csproj", "{13611DAB-7D03-4FBF-A375-205BBDDB7573}"
EndProject
Project("{FAE04EC0-301F-11D3-BF4B-00C04F79EFBC}") = "CatalogService.Domain", "src\Services\Catalog\CatalogService.Domain\CatalogService.Domain.csproj", "{F9E337C8-9036-4B4C-AFBC-B608010B218E}"
EndProject
Project("{FAE04EC0-301F-11D3-BF4B-00C04F79EFBC}") = "CatalogService.Infrastructure", "src\Services\Catalog\CatalogService.Infrastructure\CatalogService.Infrastructure.csproj", "{E801E037-316B-415C-B13F-88623C2E2181}"
EndProject
Project("{FAE04EC0-301F-11D3-BF4B-00C04F79EFBC}") = "InventoryService.Api", "src\Services\Inventory\InventoryService.Api\InventoryService.Api.csproj", "{A05A1B77-0A23-4DFD-9A2B-68524D9EE8F1}"
EndProject
Project("{FAE04EC0-301F-11D3-BF4B-00C04F79EFBC}") = "InventoryService.Application", "src\Services\Inventory\InventoryService.Application\InventoryService.Application.csproj", "{DBF1F745-7C19-43D4-A85E-CCB0E07BCFFD}"
EndProject
Project("{FAE04EC0-301F-11D3-BF4B-00C04F79EFBC}") = "InventoryService.Contracts", "src\Services\Inventory\InventoryService.Contracts\InventoryService.Contracts.csproj", "{CA87066B-A5EA-4987-894C-C6A94740F567}"
EndProject
Project("{FAE04EC0-301F-11D3-BF4B-00C04F79EFBC}") = "InventoryService.Domain", "src\Services\Inventory\InventoryService.Domain\InventoryService.Domain.csproj", "{5E831DBE-B3A0-4292-B133-A9250B1CCCA8}"
EndProject
Project("{FAE04EC0-301F-11D3-BF4B-00C04F79EFBC}") = "InventoryService.Infrastructure", "src\Services\Inventory\InventoryService.Infrastructure\InventoryService.Infrastructure.csproj", "{24430247-DEFB-423E-BA44-3EA8E8814246}"
EndProject
Project("{FAE04EC0-301F-11D3-BF4B-00C04F79EFBC}") = "NotificationService.Api", "src\Services\Notification\NotificationService.Api\NotificationService.Api.csproj", "{D7D54F23-6866-49C0-9E7B-552AEF6CCFC0}"
EndProject
Project("{FAE04EC0-301F-11D3-BF4B-00C04F79EFBC}") = "NotificationService.Application", "src\Services\Notification\NotificationService.Application\NotificationService.Application.csproj", "{C91A148F-29C2-4C03-93B6-9BE1F7F7355E}"
EndProject
Project("{FAE04EC0-301F-11D3-BF4B-00C04F79EFBC}") = "NotificationService.Contracts", "src\Services\Notification\NotificationService.Contracts\NotificationService.Contracts.csproj", "{BFBF0E8D-A925-4106-9913-7D77D215FFF0}"
EndProject
Project("{FAE04EC0-301F-11D3-BF4B-00C04F79EFBC}") = "NotificationService.Domain", "src\Services\Notification\NotificationService.Domain\NotificationService.Domain.csproj", "{21C43933-27C8-4AA2-A736-78CB402EA81F}"
EndProject
Project("{FAE04EC0-301F-11D3-BF4B-00C04F79EFBC}") = "NotificationService.Infrastructure", "src\Services\Notification\NotificationService.Infrastructure\NotificationService.Infrastructure.csproj", "{D3B9D027-28D6-44E5-84A7-0FE2BB091D1F}"
EndProject
Project("{FAE04EC0-301F-11D3-BF4B-00C04F79EFBC}") = "OrderingService.Api", "src\Services\Ordering\OrderingService.Api\OrderingService.Api.csproj", "{6333FD3E-2081-49C1-B9BC-9D1141C928D2}"
EndProject
Project("{FAE04EC0-301F-11D3-BF4B-00C04F79EFBC}") = "OrderingService.Application", "src\Services\Ordering\OrderingService.Application\OrderingService.Application.csproj", "{3CC05804-11DA-4505-A8D7-8B8FF7304F10}"
EndProject
Project("{FAE04EC0-301F-11D3-BF4B-00C04F79EFBC}") = "OrderingService.Contracts", "src\Services\Ordering\OrderingService.Contracts\OrderingService.Contracts.csproj", "{42E8FC5F-3B79-4BA3-BB9C-973497F724CC}"
EndProject
Project("{FAE04EC0-301F-11D3-BF4B-00C04F79EFBC}") = "OrderingService.Domain", "src\Services\Ordering\OrderingService.Domain\OrderingService.Domain.csproj", "{BC05ED83-B87A-48A6-B917-1CEBE1C5C1A1}"
EndProject
Project("{FAE04EC0-301F-11D3-BF4B-00C04F79EFBC}") = "OrderingService.Infrastructure", "src\Services\Ordering\OrderingService.Infrastructure\OrderingService.Infrastructure.csproj", "{6F0992B9-E296-4027-845F-4EE93CDF769A}"
EndProject
Project("{FAE04EC0-301F-11D3-BF4B-00C04F79EFBC}") = "Enterprise.ContractTests", "tests\Enterprise.ContractTests\Enterprise.ContractTests.csproj", "{08C0E1E8-4B08-4124-92B9-217FCE197D18}"
EndProject
Project("{FAE04EC0-301F-11D3-BF4B-00C04F79EFBC}") = "Enterprise.IntegrationTests", "tests\Enterprise.IntegrationTests\Enterprise.IntegrationTests.csproj", "{B00887D6-A238-44AE-9302-A82B1F23E398}"
EndProject
Project("{FAE04EC0-301F-11D3-BF4B-00C04F79EFBC}") = "Enterprise.UnitTests", "tests\Enterprise.UnitTests\Enterprise.UnitTests.csproj", "{C498A7BA-130A-423A-AD4A-A589AB82EBA8}"
EndProject
Global
	GlobalSection(SolutionConfigurationPlatforms) = preSolution
		Debug|Any CPU = Debug|Any CPU
		Debug|x64 = Debug|x64
		Debug|x86 = Debug|x86
		Release|Any CPU = Release|Any CPU
		Release|x64 = Release|x64
		Release|x86 = Release|x86
	EndGlobalSection
	GlobalSection(ProjectConfigurationPlatforms) = postSolution
		{A2F9850A-14CF-4615-B11E-693FECEBB236}.Debug|Any CPU.ActiveCfg = Debug|Any CPU
		{A2F9850A-14CF-4615-B11E-693FECEBB236}.Debug|Any CPU.Build.0 = Debug|Any CPU
		{A2F9850A-14CF-4615-B11E-693FECEBB236}.Debug|x64.ActiveCfg = Debug|Any CPU
		{A2F9850A-14CF-4615-B11E-693FECEBB236}.Debug|x64.Build.0 = Debug|Any CPU
		{A2F9850A-14CF-4615-B11E-693FECEBB236}.Debug|x86.ActiveCfg = Debug|Any CPU
		{A2F9850A-14CF-4615-B11E-693FECEBB236}.Debug|x86.Build.0 = Debug|Any CPU
		{A2F9850A-14CF-4615-B11E-693FECEBB236}.Release|Any CPU.ActiveCfg = Release|Any CPU
		{A2F9850A-14CF-4615-B11E-693FECEBB236}.Release|Any CPU.Build.0 = Release|Any CPU
		{A2F9850A-14CF-4615-B11E-693FECEBB236}.Release|x64.ActiveCfg = Release|Any CPU
		{A2F9850A-14CF-4615-B11E-693FECEBB236}.Release|x64.Build.0 = Release|Any CPU
		{A2F9850A-14CF-4615-B11E-693FECEBB236}.Release|x86.ActiveCfg = Release|Any CPU
		{A2F9850A-14CF-4615-B11E-693FECEBB236}.Release|x86.Build.0 = Release|Any CPU
		{509B1417-1A85-4BAF-92FF-0497559A4662}.Debug|Any CPU.ActiveCfg = Debug|Any CPU
		{509B1417-1A85-4BAF-92FF-0497559A4662}.Debug|Any CPU.Build.0 = Debug|Any CPU
		{509B1417-1A85-4BAF-92FF-0497559A4662}.Debug|x64.ActiveCfg = Debug|Any CPU
		{509B1417-1A85-4BAF-92FF-0497559A4662}.Debug|x64.Build.0 = Debug|Any CPU
		{509B1417-1A85-4BAF-92FF-0497559A4662}.Debug|x86.ActiveCfg = Debug|Any CPU
		{509B1417-1A85-4BAF-92FF-0497559A4662}.Debug|x86.Build.0 = Debug|Any CPU
		{509B1417-1A85-4BAF-92FF-0497559A4662}.Release|Any CPU.ActiveCfg = Release|Any CPU
		{509B1417-1A85-4BAF-92FF-0497559A4662}.Release|Any CPU.Build.0 = Release|Any CPU
		{509B1417-1A85-4BAF-92FF-0497559A4662}.Release|x64.ActiveCfg = Release|Any CPU
		{509B1417-1A85-4BAF-92FF-0497559A4662}.Release|x64.Build.0 = Release|Any CPU
		{509B1417-1A85-4BAF-92FF-0497559A4662}.Release|x86.ActiveCfg = Release|Any CPU
		{509B1417-1A85-4BAF-92FF-0497559A4662}.Release|x86.Build.0 = Release|Any CPU
		{C4D48858-995C-4E45-9C4E-080C09FDBBB0}.Debug|Any CPU.ActiveCfg = Debug|Any CPU
		{C4D48858-995C-4E45-9C4E-080C09FDBBB0}.Debug|Any CPU.Build.0 = Debug|Any CPU
		{C4D48858-995C-4E45-9C4E-080C09FDBBB0}.Debug|x64.ActiveCfg = Debug|Any CPU
		{C4D48858-995C-4E45-9C4E-080C09FDBBB0}.Debug|x64.Build.0 = Debug|Any CPU
		{C4D48858-995C-4E45-9C4E-080C09FDBBB0}.Debug|x86.ActiveCfg = Debug|Any CPU
		{C4D48858-995C-4E45-9C4E-080C09FDBBB0}.Debug|x86.Build.0 = Debug|Any CPU
		{C4D48858-995C-4E45-9C4E-080C09FDBBB0}.Release|Any CPU.ActiveCfg = Release|Any CPU
		{C4D48858-995C-4E45-9C4E-080C09FDBBB0}.Release|Any CPU.Build.0 = Release|Any CPU
		{C4D48858-995C-4E45-9C4E-080C09FDBBB0}.Release|x64.ActiveCfg = Release|Any CPU
		{C4D48858-995C-4E45-9C4E-080C09FDBBB0}.Release|x64.Build.0 = Release|Any CPU
		{C4D48858-995C-4E45-9C4E-080C09FDBBB0}.Release|x86.ActiveCfg = Release|Any CPU
		{C4D48858-995C-4E45-9C4E-080C09FDBBB0}.Release|x86.Build.0 = Release|Any CPU
		{0FC462B7-F4D1-4D45-B708-036C8FBAB601}.Debug|Any CPU.ActiveCfg = Debug|Any CPU
		{0FC462B7-F4D1-4D45-B708-036C8FBAB601}.Debug|Any CPU.Build.0 = Debug|Any CPU
		{0FC462B7-F4D1-4D45-B708-036C8FBAB601}.Debug|x64.ActiveCfg = Debug|Any CPU
		{0FC462B7-F4D1-4D45-B708-036C8FBAB601}.Debug|x64.Build.0 = Debug|Any CPU
		{0FC462B7-F4D1-4D45-B708-036C8FBAB601}.Debug|x86.ActiveCfg = Debug|Any CPU
		{0FC462B7-F4D1-4D45-B708-036C8FBAB601}.Debug|x86.Build.0 = Debug|Any CPU
		{0FC462B7-F4D1-4D45-B708-036C8FBAB601}.Release|Any CPU.ActiveCfg = Release|Any CPU
		{0FC462B7-F4D1-4D45-B708-036C8FBAB601}.Release|Any CPU.Build.0 = Release|Any CPU
		{0FC462B7-F4D1-4D45-B708-036C8FBAB601}.Release|x64.ActiveCfg = Release|Any CPU
		{0FC462B7-F4D1-4D45-B708-036C8FBAB601}.Release|x64.Build.0 = Release|Any CPU
		{0FC462B7-F4D1-4D45-B708-036C8FBAB601}.Release|x86.ActiveCfg = Release|Any CPU
		{0FC462B7-F4D1-4D45-B708-036C8FBAB601}.Release|x86.Build.0 = Release|Any CPU
		{DCA2F5E6-ACF1-4FF2-B799-EA045D064DA7}.Debug|Any CPU.ActiveCfg = Debug|Any CPU
		{DCA2F5E6-ACF1-4FF2-B799-EA045D064DA7}.Debug|Any CPU.Build.0 = Debug|Any CPU
		{DCA2F5E6-ACF1-4FF2-B799-EA045D064DA7}.Debug|x64.ActiveCfg = Debug|Any CPU
		{DCA2F5E6-ACF1-4FF2-B799-EA045D064DA7}.Debug|x64.Build.0 = Debug|Any CPU
		{DCA2F5E6-ACF1-4FF2-B799-EA045D064DA7}.Debug|x86.ActiveCfg = Debug|Any CPU
		{DCA2F5E6-ACF1-4FF2-B799-EA045D064DA7}.Debug|x86.Build.0 = Debug|Any CPU
		{DCA2F5E6-ACF1-4FF2-B799-EA045D064DA7}.Release|Any CPU.ActiveCfg = Release|Any CPU
		{DCA2F5E6-ACF1-4FF2-B799-EA045D064DA7}.Release|Any CPU.Build.0 = Release|Any CPU
		{DCA2F5E6-ACF1-4FF2-B799-EA045D064DA7}.Release|x64.ActiveCfg = Release|Any CPU
		{DCA2F5E6-ACF1-4FF2-B799-EA045D064DA7}.Release|x64.Build.0 = Release|Any CPU
		{DCA2F5E6-ACF1-4FF2-B799-EA045D064DA7}.Release|x86.ActiveCfg = Release|Any CPU
		{DCA2F5E6-ACF1-4FF2-B799-EA045D064DA7}.Release|x86.Build.0 = Release|Any CPU
		{FCC79EB7-6359-4BC7-9259-B80C06BBDAE9}.Debug|Any CPU.ActiveCfg = Debug|Any CPU
		{FCC79EB7-6359-4BC7-9259-B80C06BBDAE9}.Debug|Any CPU.Build.0 = Debug|Any CPU
		{FCC79EB7-6359-4BC7-9259-B80C06BBDAE9}.Debug|x64.ActiveCfg = Debug|Any CPU
		{FCC79EB7-6359-4BC7-9259-B80C06BBDAE9}.Debug|x64.Build.0 = Debug|Any CPU
		{FCC79EB7-6359-4BC7-9259-B80C06BBDAE9}.Debug|x86.ActiveCfg = Debug|Any CPU
		{FCC79EB7-6359-4BC7-9259-B80C06BBDAE9}.Debug|x86.Build.0 = Debug|Any CPU
		{FCC79EB7-6359-4BC7-9259-B80C06BBDAE9}.Release|Any CPU.ActiveCfg = Release|Any CPU
		{FCC79EB7-6359-4BC7-9259-B80C06BBDAE9}.Release|Any CPU.Build.0 = Release|Any CPU
		{FCC79EB7-6359-4BC7-9259-B80C06BBDAE9}.Release|x64.ActiveCfg = Release|Any CPU
		{FCC79EB7-6359-4BC7-9259-B80C06BBDAE9}.Release|x64.Build.0 = Release|Any CPU
		{FCC79EB7-6359-4BC7-9259-B80C06BBDAE9}.Release|x86.ActiveCfg = Release|Any CPU
		{FCC79EB7-6359-4BC7-9259-B80C06BBDAE9}.Release|x86.Build.0 = Release|Any CPU
		{8412365A-09E7-40A3-B972-7500D68B28E5}.Debug|Any CPU.ActiveCfg = Debug|Any CPU
		{8412365A-09E7-40A3-B972-7500D68B28E5}.Debug|Any CPU.Build.0 = Debug|Any CPU
		{8412365A-09E7-40A3-B972-7500D68B28E5}.Debug|x64.ActiveCfg = Debug|Any CPU
		{8412365A-09E7-40A3-B972-7500D68B28E5}.Debug|x64.Build.0 = Debug|Any CPU
		{8412365A-09E7-40A3-B972-7500D68B28E5}.Debug|x86.ActiveCfg = Debug|Any CPU
		{8412365A-09E7-40A3-B972-7500D68B28E5}.Debug|x86.Build.0 = Debug|Any CPU
		{8412365A-09E7-40A3-B972-7500D68B28E5}.Release|Any CPU.ActiveCfg = Release|Any CPU
		{8412365A-09E7-40A3-B972-7500D68B28E5}.Release|Any CPU.Build.0 = Release|Any CPU
		{8412365A-09E7-40A3-B972-7500D68B28E5}.Release|x64.ActiveCfg = Release|Any CPU
		{8412365A-09E7-40A3-B972-7500D68B28E5}.Release|x64.Build.0 = Release|Any CPU
		{8412365A-09E7-40A3-B972-7500D68B28E5}.Release|x86.ActiveCfg = Release|Any CPU
		{8412365A-09E7-40A3-B972-7500D68B28E5}.Release|x86.Build.0 = Release|Any CPU
		{535A896D-8A30-4E7B-93A8-1A3D7E13A714}.Debug|Any CPU.ActiveCfg = Debug|Any CPU
		{535A896D-8A30-4E7B-93A8-1A3D7E13A714}.Debug|Any CPU.Build.0 = Debug|Any CPU
		{535A896D-8A30-4E7B-93A8-1A3D7E13A714}.Debug|x64.ActiveCfg = Debug|Any CPU
		{535A896D-8A30-4E7B-93A8-1A3D7E13A714}.Debug|x64.Build.0 = Debug|Any CPU
		{535A896D-8A30-4E7B-93A8-1A3D7E13A714}.Debug|x86.ActiveCfg = Debug|Any CPU
		{535A896D-8A30-4E7B-93A8-1A3D7E13A714}.Debug|x86.Build.0 = Debug|Any CPU
		{535A896D-8A30-4E7B-93A8-1A3D7E13A714}.Release|Any CPU.ActiveCfg = Release|Any CPU
		{535A896D-8A30-4E7B-93A8-1A3D7E13A714}.Release|Any CPU.Build.0 = Release|Any CPU
		{535A896D-8A30-4E7B-93A8-1A3D7E13A714}.Release|x64.ActiveCfg = Release|Any CPU
		{535A896D-8A30-4E7B-93A8-1A3D7E13A714}.Release|x64.Build.0 = Release|Any CPU
		{535A896D-8A30-4E7B-93A8-1A3D7E13A714}.Release|x86.ActiveCfg = Release|Any CPU
		{535A896D-8A30-4E7B-93A8-1A3D7E13A714}.Release|x86.Build.0 = Release|Any CPU
		{C405D2A1-73FA-42C9-9436-A5686D7AA94E}.Debug|Any CPU.ActiveCfg = Debug|Any CPU
		{C405D2A1-73FA-42C9-9436-A5686D7AA94E}.Debug|Any CPU.Build.0 = Debug|Any CPU
		{C405D2A1-73FA-42C9-9436-A5686D7AA94E}.Debug|x64.ActiveCfg = Debug|Any CPU
		{C405D2A1-73FA-42C9-9436-A5686D7AA94E}.Debug|x64.Build.0 = Debug|Any CPU
		{C405D2A1-73FA-42C9-9436-A5686D7AA94E}.Debug|x86.ActiveCfg = Debug|Any CPU
		{C405D2A1-73FA-42C9-9436-A5686D7AA94E}.Debug|x86.Build.0 = Debug|Any CPU
		{C405D2A1-73FA-42C9-9436-A5686D7AA94E}.Release|Any CPU.ActiveCfg = Release|Any CPU
		{C405D2A1-73FA-42C9-9436-A5686D7AA94E}.Release|Any CPU.Build.0 = Release|Any CPU
		{C405D2A1-73FA-42C9-9436-A5686D7AA94E}.Release|x64.ActiveCfg = Release|Any CPU
		{C405D2A1-73FA-42C9-9436-A5686D7AA94E}.Release|x64.Build.0 = Release|Any CPU
		{C405D2A1-73FA-42C9-9436-A5686D7AA94E}.Release|x86.ActiveCfg = Release|Any CPU
		{C405D2A1-73FA-42C9-9436-A5686D7AA94E}.Release|x86.Build.0 = Release|Any CPU
		{3FD3528B-1A47-402B-AB17-5E940438E8F9}.Debug|Any CPU.ActiveCfg = Debug|Any CPU
		{3FD3528B-1A47-402B-AB17-5E940438E8F9}.Debug|Any CPU.Build.0 = Debug|Any CPU
		{3FD3528B-1A47-402B-AB17-5E940438E8F9}.Debug|x64.ActiveCfg = Debug|Any CPU
		{3FD3528B-1A47-402B-AB17-5E940438E8F9}.Debug|x64.Build.0 = Debug|Any CPU
		{3FD3528B-1A47-402B-AB17-5E940438E8F9}.Debug|x86.ActiveCfg = Debug|Any CPU
		{3FD3528B-1A47-402B-AB17-5E940438E8F9}.Debug|x86.Build.0 = Debug|Any CPU
		{3FD3528B-1A47-402B-AB17-5E940438E8F9}.Release|Any CPU.ActiveCfg = Release|Any CPU
		{3FD3528B-1A47-402B-AB17-5E940438E8F9}.Release|Any CPU.Build.0 = Release|Any CPU
		{3FD3528B-1A47-402B-AB17-5E940438E8F9}.Release|x64.ActiveCfg = Release|Any CPU
		{3FD3528B-1A47-402B-AB17-5E940438E8F9}.Release|x64.Build.0 = Release|Any CPU
		{3FD3528B-1A47-402B-AB17-5E940438E8F9}.Release|x86.ActiveCfg = Release|Any CPU
		{3FD3528B-1A47-402B-AB17-5E940438E8F9}.Release|x86.Build.0 = Release|Any CPU
		{48D58723-AFE6-4862-888C-F09538636F15}.Debug|Any CPU.ActiveCfg = Debug|Any CPU
		{48D58723-AFE6-4862-888C-F09538636F15}.Debug|Any CPU.Build.0 = Debug|Any CPU
		{48D58723-AFE6-4862-888C-F09538636F15}.Debug|x64.ActiveCfg = Debug|Any CPU
		{48D58723-AFE6-4862-888C-F09538636F15}.Debug|x64.Build.0 = Debug|Any CPU
		{48D58723-AFE6-4862-888C-F09538636F15}.Debug|x86.ActiveCfg = Debug|Any CPU
		{48D58723-AFE6-4862-888C-F09538636F15}.Debug|x86.Build.0 = Debug|Any CPU
		{48D58723-AFE6-4862-888C-F09538636F15}.Release|Any CPU.ActiveCfg = Release|Any CPU
		{48D58723-AFE6-4862-888C-F09538636F15}.Release|Any CPU.Build.0 = Release|Any CPU
		{48D58723-AFE6-4862-888C-F09538636F15}.Release|x64.ActiveCfg = Release|Any CPU
		{48D58723-AFE6-4862-888C-F09538636F15}.Release|x64.Build.0 = Release|Any CPU
		{48D58723-AFE6-4862-888C-F09538636F15}.Release|x86.ActiveCfg = Release|Any CPU
		{48D58723-AFE6-4862-888C-F09538636F15}.Release|x86.Build.0 = Release|Any CPU
		{C94DCB80-954B-49CC-BB39-27B76AB707D7}.Debug|Any CPU.ActiveCfg = Debug|Any CPU
		{C94DCB80-954B-49CC-BB39-27B76AB707D7}.Debug|Any CPU.Build.0 = Debug|Any CPU
		{C94DCB80-954B-49CC-BB39-27B76AB707D7}.Debug|x64.ActiveCfg = Debug|Any CPU
		{C94DCB80-954B-49CC-BB39-27B76AB707D7}.Debug|x64.Build.0 = Debug|Any CPU
		{C94DCB80-954B-49CC-BB39-27B76AB707D7}.Debug|x86.ActiveCfg = Debug|Any CPU
		{C94DCB80-954B-49CC-BB39-27B76AB707D7}.Debug|x86.Build.0 = Debug|Any CPU
		{C94DCB80-954B-49CC-BB39-27B76AB707D7}.Release|Any CPU.ActiveCfg = Release|Any CPU
		{C94DCB80-954B-49CC-BB39-27B76AB707D7}.Release|Any CPU.Build.0 = Release|Any CPU
		{C94DCB80-954B-49CC-BB39-27B76AB707D7}.Release|x64.ActiveCfg = Release|Any CPU
		{C94DCB80-954B-49CC-BB39-27B76AB707D7}.Release|x64.Build.0 = Release|Any CPU
		{C94DCB80-954B-49CC-BB39-27B76AB707D7}.Release|x86.ActiveCfg = Release|Any CPU
		{C94DCB80-954B-49CC-BB39-27B76AB707D7}.Release|x86.Build.0 = Release|Any CPU
		{13611DAB-7D03-4FBF-A375-205BBDDB7573}.Debug|Any CPU.ActiveCfg = Debug|Any CPU
		{13611DAB-7D03-4FBF-A375-205BBDDB7573}.Debug|Any CPU.Build.0 = Debug|Any CPU
		{13611DAB-7D03-4FBF-A375-205BBDDB7573}.Debug|x64.ActiveCfg = Debug|Any CPU
		{13611DAB-7D03-4FBF-A375-205BBDDB7573}.Debug|x64.Build.0 = Debug|Any CPU
		{13611DAB-7D03-4FBF-A375-205BBDDB7573}.Debug|x86.ActiveCfg = Debug|Any CPU
		{13611DAB-7D03-4FBF-A375-205BBDDB7573}.Debug|x86.Build.0 = Debug|Any CPU
		{13611DAB-7D03-4FBF-A375-205BBDDB7573}.Release|Any CPU.ActiveCfg = Release|Any CPU
		{13611DAB-7D03-4FBF-A375-205BBDDB7573}.Release|Any CPU.Build.0 = Release|Any CPU
		{13611DAB-7D03-4FBF-A375-205BBDDB7573}.Release|x64.ActiveCfg = Release|Any CPU
		{13611DAB-7D03-4FBF-A375-205BBDDB7573}.Release|x64.Build.0 = Release|Any CPU
		{13611DAB-7D03-4FBF-A375-205BBDDB7573}.Release|x86.ActiveCfg = Release|Any CPU
		{13611DAB-7D03-4FBF-A375-205BBDDB7573}.Release|x86.Build.0 = Release|Any CPU
		{F9E337C8-9036-4B4C-AFBC-B608010B218E}.Debug|Any CPU.ActiveCfg = Debug|Any CPU
		{F9E337C8-9036-4B4C-AFBC-B608010B218E}.Debug|Any CPU.Build.0 = Debug|Any CPU
		{F9E337C8-9036-4B4C-AFBC-B608010B218E}.Debug|x64.ActiveCfg = Debug|Any CPU
		{F9E337C8-9036-4B4C-AFBC-B608010B218E}.Debug|x64.Build.0 = Debug|Any CPU
		{F9E337C8-9036-4B4C-AFBC-B608010B218E}.Debug|x86.ActiveCfg = Debug|Any CPU
		{F9E337C8-9036-4B4C-AFBC-B608010B218E}.Debug|x86.Build.0 = Debug|Any CPU
		{F9E337C8-9036-4B4C-AFBC-B608010B218E}.Release|Any CPU.ActiveCfg = Release|Any CPU
		{F9E337C8-9036-4B4C-AFBC-B608010B218E}.Release|Any CPU.Build.0 = Release|Any CPU
		{F9E337C8-9036-4B4C-AFBC-B608010B218E}.Release|x64.ActiveCfg = Release|Any CPU
		{F9E337C8-9036-4B4C-AFBC-B608010B218E}.Release|x64.Build.0 = Release|Any CPU
		{F9E337C8-9036-4B4C-AFBC-B608010B218E}.Release|x86.ActiveCfg = Release|Any CPU
		{F9E337C8-9036-4B4C-AFBC-B608010B218E}.Release|x86.Build.0 = Release|Any CPU
		{E801E037-316B-415C-B13F-88623C2E2181}.Debug|Any CPU.ActiveCfg = Debug|Any CPU
		{E801E037-316B-415C-B13F-88623C2E2181}.Debug|Any CPU.Build.0 = Debug|Any CPU
		{E801E037-316B-415C-B13F-88623C2E2181}.Debug|x64.ActiveCfg = Debug|Any CPU
		{E801E037-316B-415C-B13F-88623C2E2181}.Debug|x64.Build.0 = Debug|Any CPU
		{E801E037-316B-415C-B13F-88623C2E2181}.Debug|x86.ActiveCfg = Debug|Any CPU
		{E801E037-316B-415C-B13F-88623C2E2181}.Debug|x86.Build.0 = Debug|Any CPU
		{E801E037-316B-415C-B13F-88623C2E2181}.Release|Any CPU.ActiveCfg = Release|Any CPU
		{E801E037-316B-415C-B13F-88623C2E2181}.Release|Any CPU.Build.0 = Release|Any CPU
		{E801E037-316B-415C-B13F-88623C2E2181}.Release|x64.ActiveCfg = Release|Any CPU
		{E801E037-316B-415C-B13F-88623C2E2181}.Release|x64.Build.0 = Release|Any CPU
		{E801E037-316B-415C-B13F-88623C2E2181}.Release|x86.ActiveCfg = Release|Any CPU
		{E801E037-316B-415C-B13F-88623C2E2181}.Release|x86.Build.0 = Release|Any CPU
		{A05A1B77-0A23-4DFD-9A2B-68524D9EE8F1}.Debug|Any CPU.ActiveCfg = Debug|Any CPU
		{A05A1B77-0A23-4DFD-9A2B-68524D9EE8F1}.Debug|Any CPU.Build.0 = Debug|Any CPU
		{A05A1B77-0A23-4DFD-9A2B-68524D9EE8F1}.Debug|x64.ActiveCfg = Debug|Any CPU
		{A05A1B77-0A23-4DFD-9A2B-68524D9EE8F1}.Debug|x64.Build.0 = Debug|Any CPU
		{A05A1B77-0A23-4DFD-9A2B-68524D9EE8F1}.Debug|x86.ActiveCfg = Debug|Any CPU
		{A05A1B77-0A23-4DFD-9A2B-68524D9EE8F1}.Debug|x86.Build.0 = Debug|Any CPU
		{A05A1B77-0A23-4DFD-9A2B-68524D9EE8F1}.Release|Any CPU.ActiveCfg = Release|Any CPU
		{A05A1B77-0A23-4DFD-9A2B-68524D9EE8F1}.Release|Any CPU.Build.0 = Release|Any CPU
		{A05A1B77-0A23-4DFD-9A2B-68524D9EE8F1}.Release|x64.ActiveCfg = Release|Any CPU
		{A05A1B77-0A23-4DFD-9A2B-68524D9EE8F1}.Release|x64.Build.0 = Release|Any CPU
		{A05A1B77-0A23-4DFD-9A2B-68524D9EE8F1}.Release|x86.ActiveCfg = Release|Any CPU
		{A05A1B77-0A23-4DFD-9A2B-68524D9EE8F1}.Release|x86.Build.0 = Release|Any CPU
		{DBF1F745-7C19-43D4-A85E-CCB0E07BCFFD}.Debug|Any CPU.ActiveCfg = Debug|Any CPU
		{DBF1F745-7C19-43D4-A85E-CCB0E07BCFFD}.Debug|Any CPU.Build.0 = Debug|Any CPU
		{DBF1F745-7C19-43D4-A85E-CCB0E07BCFFD}.Debug|x64.ActiveCfg = Debug|Any CPU
		{DBF1F745-7C19-43D4-A85E-CCB0E07BCFFD}.Debug|x64.Build.0 = Debug|Any CPU
		{DBF1F745-7C19-43D4-A85E-CCB0E07BCFFD}.Debug|x86.ActiveCfg = Debug|Any CPU
		{DBF1F745-7C19-43D4-A85E-CCB0E07BCFFD}.Debug|x86.Build.0 = Debug|Any CPU
		{DBF1F745-7C19-43D4-A85E-CCB0E07BCFFD}.Release|Any CPU.ActiveCfg = Release|Any CPU
		{DBF1F745-7C19-43D4-A85E-CCB0E07BCFFD}.Release|Any CPU.Build.0 = Release|Any CPU
		{DBF1F745-7C19-43D4-A85E-CCB0E07BCFFD}.Release|x64.ActiveCfg = Release|Any CPU
		{DBF1F745-7C19-43D4-A85E-CCB0E07BCFFD}.Release|x64.Build.0 = Release|Any CPU
		{DBF1F745-7C19-43D4-A85E-CCB0E07BCFFD}.Release|x86.ActiveCfg = Release|Any CPU
		{DBF1F745-7C19-43D4-A85E-CCB0E07BCFFD}.Release|x86.Build.0 = Release|Any CPU
		{CA87066B-A5EA-4987-894C-C6A94740F567}.Debug|Any CPU.ActiveCfg = Debug|Any CPU
		{CA87066B-A5EA-4987-894C-C6A94740F567}.Debug|Any CPU.Build.0 = Debug|Any CPU
		{CA87066B-A5EA-4987-894C-C6A94740F567}.Debug|x64.ActiveCfg = Debug|Any CPU
		{CA87066B-A5EA-4987-894C-C6A94740F567}.Debug|x64.Build.0 = Debug|Any CPU
		{CA87066B-A5EA-4987-894C-C6A94740F567}.Debug|x86.ActiveCfg = Debug|Any CPU
		{CA87066B-A5EA-4987-894C-C6A94740F567}.Debug|x86.Build.0 = Debug|Any CPU
		{CA87066B-A5EA-4987-894C-C6A94740F567}.Release|Any CPU.ActiveCfg = Release|Any CPU
		{CA87066B-A5EA-4987-894C-C6A94740F567}.Release|Any CPU.Build.0 = Release|Any CPU
		{CA87066B-A5EA-4987-894C-C6A94740F567}.Release|x64.ActiveCfg = Release|Any CPU
		{CA87066B-A5EA-4987-894C-C6A94740F567}.Release|x64.Build.0 = Release|Any CPU
		{CA87066B-A5EA-4987-894C-C6A94740F567}.Release|x86.ActiveCfg = Release|Any CPU
		{CA87066B-A5EA-4987-894C-C6A94740F567}.Release|x86.Build.0 = Release|Any CPU
		{5E831DBE-B3A0-4292-B133-A9250B1CCCA8}.Debug|Any CPU.ActiveCfg = Debug|Any CPU
		{5E831DBE-B3A0-4292-B133-A9250B1CCCA8}.Debug|Any CPU.Build.0 = Debug|Any CPU
		{5E831DBE-B3A0-4292-B133-A9250B1CCCA8}.Debug|x64.ActiveCfg = Debug|Any CPU
		{5E831DBE-B3A0-4292-B133-A9250B1CCCA8}.Debug|x64.Build.0 = Debug|Any CPU
		{5E831DBE-B3A0-4292-B133-A9250B1CCCA8}.Debug|x86.ActiveCfg = Debug|Any CPU
		{5E831DBE-B3A0-4292-B133-A9250B1CCCA8}.Debug|x86.Build.0 = Debug|Any CPU
		{5E831DBE-B3A0-4292-B133-A9250B1CCCA8}.Release|Any CPU.ActiveCfg = Release|Any CPU
		{5E831DBE-B3A0-4292-B133-A9250B1CCCA8}.Release|Any CPU.Build.0 = Release|Any CPU
		{5E831DBE-B3A0-4292-B133-A9250B1CCCA8}.Release|x64.ActiveCfg = Release|Any CPU
		{5E831DBE-B3A0-4292-B133-A9250B1CCCA8}.Release|x64.Build.0 = Release|Any CPU
		{5E831DBE-B3A0-4292-B133-A9250B1CCCA8}.Release|x86.ActiveCfg = Release|Any CPU
		{5E831DBE-B3A0-4292-B133-A9250B1CCCA8}.Release|x86.Build.0 = Release|Any CPU
		{24430247-DEFB-423E-BA44-3EA8E8814246}.Debug|Any CPU.ActiveCfg = Debug|Any CPU
		{24430247-DEFB-423E-BA44-3EA8E8814246}.Debug|Any CPU.Build.0 = Debug|Any CPU
		{24430247-DEFB-423E-BA44-3EA8E8814246}.Debug|x64.ActiveCfg = Debug|Any CPU
		{24430247-DEFB-423E-BA44-3EA8E8814246}.Debug|x64.Build.0 = Debug|Any CPU
		{24430247-DEFB-423E-BA44-3EA8E8814246}.Debug|x86.ActiveCfg = Debug|Any CPU
		{24430247-DEFB-423E-BA44-3EA8E8814246}.Debug|x86.Build.0 = Debug|Any CPU
		{24430247-DEFB-423E-BA44-3EA8E8814246}.Release|Any CPU.ActiveCfg = Release|Any CPU
		{24430247-DEFB-423E-BA44-3EA8E8814246}.Release|Any CPU.Build.0 = Release|Any CPU
		{24430247-DEFB-423E-BA44-3EA8E8814246}.Release|x64.ActiveCfg = Release|Any CPU
		{24430247-DEFB-423E-BA44-3EA8E8814246}.Release|x64.Build.0 = Release|Any CPU
		{24430247-DEFB-423E-BA44-3EA8E8814246}.Release|x86.ActiveCfg = Release|Any CPU
		{24430247-DEFB-423E-BA44-3EA8E8814246}.Release|x86.Build.0 = Release|Any CPU
		{D7D54F23-6866-49C0-9E7B-552AEF6CCFC0}.Debug|Any CPU.ActiveCfg = Debug|Any CPU
		{D7D54F23-6866-49C0-9E7B-552AEF6CCFC0}.Debug|Any CPU.Build.0 = Debug|Any CPU
		{D7D54F23-6866-49C0-9E7B-552AEF6CCFC0}.Debug|x64.ActiveCfg = Debug|Any CPU
		{D7D54F23-6866-49C0-9E7B-552AEF6CCFC0}.Debug|x64.Build.0 = Debug|Any CPU
		{D7D54F23-6866-49C0-9E7B-552AEF6CCFC0}.Debug|x86.ActiveCfg = Debug|Any CPU
		{D7D54F23-6866-49C0-9E7B-552AEF6CCFC0}.Debug|x86.Build.0 = Debug|Any CPU
		{D7D54F23-6866-49C0-9E7B-552AEF6CCFC0}.Release|Any CPU.ActiveCfg = Release|Any CPU
		{D7D54F23-6866-49C0-9E7B-552AEF6CCFC0}.Release|Any CPU.Build.0 = Release|Any CPU
		{D7D54F23-6866-49C0-9E7B-552AEF6CCFC0}.Release|x64.ActiveCfg = Release|Any CPU
		{D7D54F23-6866-49C0-9E7B-552AEF6CCFC0}.Release|x64.Build.0 = Release|Any CPU
		{D7D54F23-6866-49C0-9E7B-552AEF6CCFC0}.Release|x86.ActiveCfg = Release|Any CPU
		{D7D54F23-6866-49C0-9E7B-552AEF6CCFC0}.Release|x86.Build.0 = Release|Any CPU
		{C91A148F-29C2-4C03-93B6-9BE1F7F7355E}.Debug|Any CPU.ActiveCfg = Debug|Any CPU
		{C91A148F-29C2-4C03-93B6-9BE1F7F7355E}.Debug|Any CPU.Build.0 = Debug|Any CPU
		{C91A148F-29C2-4C03-93B6-9BE1F7F7355E}.Debug|x64.ActiveCfg = Debug|Any CPU
		{C91A148F-29C2-4C03-93B6-9BE1F7F7355E}.Debug|x64.Build.0 = Debug|Any CPU
		{C91A148F-29C2-4C03-93B6-9BE1F7F7355E}.Debug|x86.ActiveCfg = Debug|Any CPU
		{C91A148F-29C2-4C03-93B6-9BE1F7F7355E}.Debug|x86.Build.0 = Debug|Any CPU
		{C91A148F-29C2-4C03-93B6-9BE1F7F7355E}.Release|Any CPU.ActiveCfg = Release|Any CPU
		{C91A148F-29C2-4C03-93B6-9BE1F7F7355E}.Release|Any CPU.Build.0 = Release|Any CPU
		{C91A148F-29C2-4C03-93B6-9BE1F7F7355E}.Release|x64.ActiveCfg = Release|Any CPU
		{C91A148F-29C2-4C03-93B6-9BE1F7F7355E}.Release|x64.Build.0 = Release|Any CPU
		{C91A148F-29C2-4C03-93B6-9BE1F7F7355E}.Release|x86.ActiveCfg = Release|Any CPU
		{C91A148F-29C2-4C03-93B6-9BE1F7F7355E}.Release|x86.Build.0 = Release|Any CPU
		{BFBF0E8D-A925-4106-9913-7D77D215FFF0}.Debug|Any CPU.ActiveCfg = Debug|Any CPU
		{BFBF0E8D-A925-4106-9913-7D77D215FFF0}.Debug|Any CPU.Build.0 = Debug|Any CPU
		{BFBF0E8D-A925-4106-9913-7D77D215FFF0}.Debug|x64.ActiveCfg = Debug|Any CPU
		{BFBF0E8D-A925-4106-9913-7D77D215FFF0}.Debug|x64.Build.0 = Debug|Any CPU
		{BFBF0E8D-A925-4106-9913-7D77D215FFF0}.Debug|x86.ActiveCfg = Debug|Any CPU
		{BFBF0E8D-A925-4106-9913-7D77D215FFF0}.Debug|x86.Build.0 = Debug|Any CPU
		{BFBF0E8D-A925-4106-9913-7D77D215FFF0}.Release|Any CPU.ActiveCfg = Release|Any CPU
		{BFBF0E8D-A925-4106-9913-7D77D215FFF0}.Release|Any CPU.Build.0 = Release|Any CPU
		{BFBF0E8D-A925-4106-9913-7D77D215FFF0}.Release|x64.ActiveCfg = Release|Any CPU
		{BFBF0E8D-A925-4106-9913-7D77D215FFF0}.Release|x64.Build.0 = Release|Any CPU
		{BFBF0E8D-A925-4106-9913-7D77D215FFF0}.Release|x86.ActiveCfg = Release|Any CPU
		{BFBF0E8D-A925-4106-9913-7D77D215FFF0}.Release|x86.Build.0 = Release|Any CPU
		{21C43933-27C8-4AA2-A736-78CB402EA81F}.Debug|Any CPU.ActiveCfg = Debug|Any CPU
		{21C43933-27C8-4AA2-A736-78CB402EA81F}.Debug|Any CPU.Build.0 = Debug|Any CPU
		{21C43933-27C8-4AA2-A736-78CB402EA81F}.Debug|x64.ActiveCfg = Debug|Any CPU
		{21C43933-27C8-4AA2-A736-78CB402EA81F}.Debug|x64.Build.0 = Debug|Any CPU
		{21C43933-27C8-4AA2-A736-78CB402EA81F}.Debug|x86.ActiveCfg = Debug|Any CPU
		{21C43933-27C8-4AA2-A736-78CB402EA81F}.Debug|x86.Build.0 = Debug|Any CPU
		{21C43933-27C8-4AA2-A736-78CB402EA81F}.Release|Any CPU.ActiveCfg = Release|Any CPU
		{21C43933-27C8-4AA2-A736-78CB402EA81F}.Release|Any CPU.Build.0 = Release|Any CPU
		{21C43933-27C8-4AA2-A736-78CB402EA81F}.Release|x64.ActiveCfg = Release|Any CPU
		{21C43933-27C8-4AA2-A736-78CB402EA81F}.Release|x64.Build.0 = Release|Any CPU
		{21C43933-27C8-4AA2-A736-78CB402EA81F}.Release|x86.ActiveCfg = Release|Any CPU
		{21C43933-27C8-4AA2-A736-78CB402EA81F}.Release|x86.Build.0 = Release|Any CPU
		{D3B9D027-28D6-44E5-84A7-0FE2BB091D1F}.Debug|Any CPU.ActiveCfg = Debug|Any CPU
		{D3B9D027-28D6-44E5-84A7-0FE2BB091D1F}.Debug|Any CPU.Build.0 = Debug|Any CPU
		{D3B9D027-28D6-44E5-84A7-0FE2BB091D1F}.Debug|x64.ActiveCfg = Debug|Any CPU
		{D3B9D027-28D6-44E5-84A7-0FE2BB091D1F}.Debug|x64.Build.0 = Debug|Any CPU
		{D3B9D027-28D6-44E5-84A7-0FE2BB091D1F}.Debug|x86.ActiveCfg = Debug|Any CPU
		{D3B9D027-28D6-44E5-84A7-0FE2BB091D1F}.Debug|x86.Build.0 = Debug|Any CPU
		{D3B9D027-28D6-44E5-84A7-0FE2BB091D1F}.Release|Any CPU.ActiveCfg = Release|Any CPU
		{D3B9D027-28D6-44E5-84A7-0FE2BB091D1F}.Release|Any CPU.Build.0 = Release|Any CPU
		{D3B9D027-28D6-44E5-84A7-0FE2BB091D1F}.Release|x64.ActiveCfg = Release|Any CPU
		{D3B9D027-28D6-44E5-84A7-0FE2BB091D1F}.Release|x64.Build.0 = Release|Any CPU
		{D3B9D027-28D6-44E5-84A7-0FE2BB091D1F}.Release|x86.ActiveCfg = Release|Any CPU
		{D3B9D027-28D6-44E5-84A7-0FE2BB091D1F}.Release|x86.Build.0 = Release|Any CPU
		{6333FD3E-2081-49C1-B9BC-9D1141C928D2}.Debug|Any CPU.ActiveCfg = Debug|Any CPU
		{6333FD3E-2081-49C1-B9BC-9D1141C928D2}.Debug|Any CPU.Build.0 = Debug|Any CPU
		{6333FD3E-2081-49C1-B9BC-9D1141C928D2}.Debug|x64.ActiveCfg = Debug|Any CPU
		{6333FD3E-2081-49C1-B9BC-9D1141C928D2}.Debug|x64.Build.0 = Debug|Any CPU
		{6333FD3E-2081-49C1-B9BC-9D1141C928D2}.Debug|x86.ActiveCfg = Debug|Any CPU
		{6333FD3E-2081-49C1-B9BC-9D1141C928D2}.Debug|x86.Build.0 = Debug|Any CPU
		{6333FD3E-2081-49C1-B9BC-9D1141C928D2}.Release|Any CPU.ActiveCfg = Release|Any CPU
		{6333FD3E-2081-49C1-B9BC-9D1141C928D2}.Release|Any CPU.Build.0 = Release|Any CPU
		{6333FD3E-2081-49C1-B9BC-9D1141C928D2}.Release|x64.ActiveCfg = Release|Any CPU
		{6333FD3E-2081-49C1-B9BC-9D1141C928D2}.Release|x64.Build.0 = Release|Any CPU
		{6333FD3E-2081-49C1-B9BC-9D1141C928D2}.Release|x86.ActiveCfg = Release|Any CPU
		{6333FD3E-2081-49C1-B9BC-9D1141C928D2}.Release|x86.Build.0 = Release|Any CPU
		{3CC05804-11DA-4505-A8D7-8B8FF7304F10}.Debug|Any CPU.ActiveCfg = Debug|Any CPU
		{3CC05804-11DA-4505-A8D7-8B8FF7304F10}.Debug|Any CPU.Build.0 = Debug|Any CPU
		{3CC05804-11DA-4505-A8D7-8B8FF7304F10}.Debug|x64.ActiveCfg = Debug|Any CPU
		{3CC05804-11DA-4505-A8D7-8B8FF7304F10}.Debug|x64.Build.0 = Debug|Any CPU
		{3CC05804-11DA-4505-A8D7-8B8FF7304F10}.Debug|x86.ActiveCfg = Debug|Any CPU
		{3CC05804-11DA-4505-A8D7-8B8FF7304F10}.Debug|x86.Build.0 = Debug|Any CPU
		{3CC05804-11DA-4505-A8D7-8B8FF7304F10}.Release|Any CPU.ActiveCfg = Release|Any CPU
		{3CC05804-11DA-4505-A8D7-8B8FF7304F10}.Release|Any CPU.Build.0 = Release|Any CPU
		{3CC05804-11DA-4505-A8D7-8B8FF7304F10}.Release|x64.ActiveCfg = Release|Any CPU
		{3CC05804-11DA-4505-A8D7-8B8FF7304F10}.Release|x64.Build.0 = Release|Any CPU
		{3CC05804-11DA-4505-A8D7-8B8FF7304F10}.Release|x86.ActiveCfg = Release|Any CPU
		{3CC05804-11DA-4505-A8D7-8B8FF7304F10}.Release|x86.Build.0 = Release|Any CPU
		{42E8FC5F-3B79-4BA3-BB9C-973497F724CC}.Debug|Any CPU.ActiveCfg = Debug|Any CPU
		{42E8FC5F-3B79-4BA3-BB9C-973497F724CC}.Debug|Any CPU.Build.0 = Debug|Any CPU
		{42E8FC5F-3B79-4BA3-BB9C-973497F724CC}.Debug|x64.ActiveCfg = Debug|Any CPU
		{42E8FC5F-3B79-4BA3-BB9C-973497F724CC}.Debug|x64.Build.0 = Debug|Any CPU
		{42E8FC5F-3B79-4BA3-BB9C-973497F724CC}.Debug|x86.ActiveCfg = Debug|Any CPU
		{42E8FC5F-3B79-4BA3-BB9C-973497F724CC}.Debug|x86.Build.0 = Debug|Any CPU
		{42E8FC5F-3B79-4BA3-BB9C-973497F724CC}.Release|Any CPU.ActiveCfg = Release|Any CPU
		{42E8FC5F-3B79-4BA3-BB9C-973497F724CC}.Release|Any CPU.Build.0 = Release|Any CPU
		{42E8FC5F-3B79-4BA3-BB9C-973497F724CC}.Release|x64.ActiveCfg = Release|Any CPU
		{42E8FC5F-3B79-4BA3-BB9C-973497F724CC}.Release|x64.Build.0 = Release|Any CPU
		{42E8FC5F-3B79-4BA3-BB9C-973497F724CC}.Release|x86.ActiveCfg = Release|Any CPU
		{42E8FC5F-3B79-4BA3-BB9C-973497F724CC}.Release|x86.Build.0 = Release|Any CPU
		{BC05ED83-B87A-48A6-B917-1CEBE1C5C1A1}.Debug|Any CPU.ActiveCfg = Debug|Any CPU
		{BC05ED83-B87A-48A6-B917-1CEBE1C5C1A1}.Debug|Any CPU.Build.0 = Debug|Any CPU
		{BC05ED83-B87A-48A6-B917-1CEBE1C5C1A1}.Debug|x64.ActiveCfg = Debug|Any CPU
		{BC05ED83-B87A-48A6-B917-1CEBE1C5C1A1}.Debug|x64.Build.0 = Debug|Any CPU
		{BC05ED83-B87A-48A6-B917-1CEBE1C5C1A1}.Debug|x86.ActiveCfg = Debug|Any CPU
		{BC05ED83-B87A-48A6-B917-1CEBE1C5C1A1}.Debug|x86.Build.0 = Debug|Any CPU
		{BC05ED83-B87A-48A6-B917-1CEBE1C5C1A1}.Release|Any CPU.ActiveCfg = Release|Any CPU
		{BC05ED83-B87A-48A6-B917-1CEBE1C5C1A1}.Release|Any CPU.Build.0 = Release|Any CPU
		{BC05ED83-B87A-48A6-B917-1CEBE1C5C1A1}.Release|x64.ActiveCfg = Release|Any CPU
		{BC05ED83-B87A-48A6-B917-1CEBE1C5C1A1}.Release|x64.Build.0 = Release|Any CPU
		{BC05ED83-B87A-48A6-B917-1CEBE1C5C1A1}.Release|x86.ActiveCfg = Release|Any CPU
		{BC05ED83-B87A-48A6-B917-1CEBE1C5C1A1}.Release|x86.Build.0 = Release|Any CPU
		{6F0992B9-E296-4027-845F-4EE93CDF769A}.Debug|Any CPU.ActiveCfg = Debug|Any CPU
		{6F0992B9-E296-4027-845F-4EE93CDF769A}.Debug|Any CPU.Build.0 = Debug|Any CPU
		{6F0992B9-E296-4027-845F-4EE93CDF769A}.Debug|x64.ActiveCfg = Debug|Any CPU
		{6F0992B9-E296-4027-845F-4EE93CDF769A}.Debug|x64.Build.0 = Debug|Any CPU
		{6F0992B9-E296-4027-845F-4EE93CDF769A}.Debug|x86.ActiveCfg = Debug|Any CPU
		{6F0992B9-E296-4027-845F-4EE93CDF769A}.Debug|x86.Build.0 = Debug|Any CPU
		{6F0992B9-E296-4027-845F-4EE93CDF769A}.Release|Any CPU.ActiveCfg = Release|Any CPU
		{6F0992B9-E296-4027-845F-4EE93CDF769A}.Release|Any CPU.Build.0 = Release|Any CPU
		{6F0992B9-E296-4027-845F-4EE93CDF769A}.Release|x64.ActiveCfg = Release|Any CPU
		{6F0992B9-E296-4027-845F-4EE93CDF769A}.Release|x64.Build.0 = Release|Any CPU
		{6F0992B9-E296-4027-845F-4EE93CDF769A}.Release|x86.ActiveCfg = Release|Any CPU
		{6F0992B9-E296-4027-845F-4EE93CDF769A}.Release|x86.Build.0 = Release|Any CPU
		{08C0E1E8-4B08-4124-92B9-217FCE197D18}.Debug|Any CPU.ActiveCfg = Debug|Any CPU
		{08C0E1E8-4B08-4124-92B9-217FCE197D18}.Debug|Any CPU.Build.0 = Debug|Any CPU
		{08C0E1E8-4B08-4124-92B9-217FCE197D18}.Debug|x64.ActiveCfg = Debug|Any CPU
		{08C0E1E8-4B08-4124-92B9-217FCE197D18}.Debug|x64.Build.0 = Debug|Any CPU
		{08C0E1E8-4B08-4124-92B9-217FCE197D18}.Debug|x86.ActiveCfg = Debug|Any CPU
		{08C0E1E8-4B08-4124-92B9-217FCE197D18}.Debug|x86.Build.0 = Debug|Any CPU
		{08C0E1E8-4B08-4124-92B9-217FCE197D18}.Release|Any CPU.ActiveCfg = Release|Any CPU
		{08C0E1E8-4B08-4124-92B9-217FCE197D18}.Release|Any CPU.Build.0 = Release|Any CPU
		{08C0E1E8-4B08-4124-92B9-217FCE197D18}.Release|x64.ActiveCfg = Release|Any CPU
		{08C0E1E8-4B08-4124-92B9-217FCE197D18}.Release|x64.Build.0 = Release|Any CPU
		{08C0E1E8-4B08-4124-92B9-217FCE197D18}.Release|x86.ActiveCfg = Release|Any CPU
		{08C0E1E8-4B08-4124-92B9-217FCE197D18}.Release|x86.Build.0 = Release|Any CPU
		{B00887D6-A238-44AE-9302-A82B1F23E398}.Debug|Any CPU.ActiveCfg = Debug|Any CPU
		{B00887D6-A238-44AE-9302-A82B1F23E398}.Debug|Any CPU.Build.0 = Debug|Any CPU
		{B00887D6-A238-44AE-9302-A82B1F23E398}.Debug|x64.ActiveCfg = Debug|Any CPU
		{B00887D6-A238-44AE-9302-A82B1F23E398}.Debug|x64.Build.0 = Debug|Any CPU
		{B00887D6-A238-44AE-9302-A82B1F23E398}.Debug|x86.ActiveCfg = Debug|Any CPU
		{B00887D6-A238-44AE-9302-A82B1F23E398}.Debug|x86.Build.0 = Debug|Any CPU
		{B00887D6-A238-44AE-9302-A82B1F23E398}.Release|Any CPU.ActiveCfg = Release|Any CPU
		{B00887D6-A238-44AE-9302-A82B1F23E398}.Release|Any CPU.Build.0 = Release|Any CPU
		{B00887D6-A238-44AE-9302-A82B1F23E398}.Release|x64.ActiveCfg = Release|Any CPU
		{B00887D6-A238-44AE-9302-A82B1F23E398}.Release|x64.Build.0 = Release|Any CPU
		{B00887D6-A238-44AE-9302-A82B1F23E398}.Release|x86.ActiveCfg = Release|Any CPU
		{B00887D6-A238-44AE-9302-A82B1F23E398}.Release|x86.Build.0 = Release|Any CPU
		{C498A7BA-130A-423A-AD4A-A589AB82EBA8}.Debug|Any CPU.ActiveCfg = Debug|Any CPU
		{C498A7BA-130A-423A-AD4A-A589AB82EBA8}.Debug|Any CPU.Build.0 = Debug|Any CPU
		{C498A7BA-130A-423A-AD4A-A589AB82EBA8}.Debug|x64.ActiveCfg = Debug|Any CPU
		{C498A7BA-130A-423A-AD4A-A589AB82EBA8}.Debug|x64.Build.0 = Debug|Any CPU
		{C498A7BA-130A-423A-AD4A-A589AB82EBA8}.Debug|x86.ActiveCfg = Debug|Any CPU
		{C498A7BA-130A-423A-AD4A-A589AB82EBA8}.Debug|x86.Build.0 = Debug|Any CPU
		{C498A7BA-130A-423A-AD4A-A589AB82EBA8}.Release|Any CPU.ActiveCfg = Release|Any CPU
		{C498A7BA-130A-423A-AD4A-A589AB82EBA8}.Release|Any CPU.Build.0 = Release|Any CPU
		{C498A7BA-130A-423A-AD4A-A589AB82EBA8}.Release|x64.ActiveCfg = Release|Any CPU
		{C498A7BA-130A-423A-AD4A-A589AB82EBA8}.Release|x64.Build.0 = Release|Any CPU
		{C498A7BA-130A-423A-AD4A-A589AB82EBA8}.Release|x86.ActiveCfg = Release|Any CPU
		{C498A7BA-130A-423A-AD4A-A589AB82EBA8}.Release|x86.Build.0 = Release|Any CPU
	EndGlobalSection
	GlobalSection(SolutionProperties) = preSolution
		HideSolutionNode = FALSE
	EndGlobalSection
	GlobalSection(NestedProjects) = preSolution
		{90298CBA-BD6F-3A0A-69D5-97CAD7B05E7E} = {827E0CD3-B72D-47B6-A68D-7590B98EB39B}
		{A2F9850A-14CF-4615-B11E-693FECEBB236} = {90298CBA-BD6F-3A0A-69D5-97CAD7B05E7E}
		{509B1417-1A85-4BAF-92FF-0497559A4662} = {90298CBA-BD6F-3A0A-69D5-97CAD7B05E7E}
		{C4D48858-995C-4E45-9C4E-080C09FDBBB0} = {90298CBA-BD6F-3A0A-69D5-97CAD7B05E7E}
		{0FC462B7-F4D1-4D45-B708-036C8FBAB601} = {90298CBA-BD6F-3A0A-69D5-97CAD7B05E7E}
		{DCA2F5E6-ACF1-4FF2-B799-EA045D064DA7} = {90298CBA-BD6F-3A0A-69D5-97CAD7B05E7E}
		{FCC79EB7-6359-4BC7-9259-B80C06BBDAE9} = {90298CBA-BD6F-3A0A-69D5-97CAD7B05E7E}
		{8412365A-09E7-40A3-B972-7500D68B28E5} = {90298CBA-BD6F-3A0A-69D5-97CAD7B05E7E}
		{535A896D-8A30-4E7B-93A8-1A3D7E13A714} = {90298CBA-BD6F-3A0A-69D5-97CAD7B05E7E}
		{C405D2A1-73FA-42C9-9436-A5686D7AA94E} = {90298CBA-BD6F-3A0A-69D5-97CAD7B05E7E}
		{3FD3528B-1A47-402B-AB17-5E940438E8F9} = {90298CBA-BD6F-3A0A-69D5-97CAD7B05E7E}
		{48D58723-AFE6-4862-888C-F09538636F15} = {90298CBA-BD6F-3A0A-69D5-97CAD7B05E7E}
		{C94DCB80-954B-49CC-BB39-27B76AB707D7} = {90298CBA-BD6F-3A0A-69D5-97CAD7B05E7E}
		{13611DAB-7D03-4FBF-A375-205BBDDB7573} = {90298CBA-BD6F-3A0A-69D5-97CAD7B05E7E}
		{F9E337C8-9036-4B4C-AFBC-B608010B218E} = {90298CBA-BD6F-3A0A-69D5-97CAD7B05E7E}
		{E801E037-316B-415C-B13F-88623C2E2181} = {90298CBA-BD6F-3A0A-69D5-97CAD7B05E7E}
		{A05A1B77-0A23-4DFD-9A2B-68524D9EE8F1} = {90298CBA-BD6F-3A0A-69D5-97CAD7B05E7E}
		{DBF1F745-7C19-43D4-A85E-CCB0E07BCFFD} = {90298CBA-BD6F-3A0A-69D5-97CAD7B05E7E}
		{CA87066B-A5EA-4987-894C-C6A94740F567} = {90298CBA-BD6F-3A0A-69D5-97CAD7B05E7E}
		{5E831DBE-B3A0-4292-B133-A9250B1CCCA8} = {90298CBA-BD6F-3A0A-69D5-97CAD7B05E7E}
		{24430247-DEFB-423E-BA44-3EA8E8814246} = {90298CBA-BD6F-3A0A-69D5-97CAD7B05E7E}
		{D7D54F23-6866-49C0-9E7B-552AEF6CCFC0} = {90298CBA-BD6F-3A0A-69D5-97CAD7B05E7E}
		{C91A148F-29C2-4C03-93B6-9BE1F7F7355E} = {90298CBA-BD6F-3A0A-69D5-97CAD7B05E7E}
		{BFBF0E8D-A925-4106-9913-7D77D215FFF0} = {90298CBA-BD6F-3A0A-69D5-97CAD7B05E7E}
		{21C43933-27C8-4AA2-A736-78CB402EA81F} = {90298CBA-BD6F-3A0A-69D5-97CAD7B05E7E}
		{D3B9D027-28D6-44E5-84A7-0FE2BB091D1F} = {90298CBA-BD6F-3A0A-69D5-97CAD7B05E7E}
		{6333FD3E-2081-49C1-B9BC-9D1141C928D2} = {90298CBA-BD6F-3A0A-69D5-97CAD7B05E7E}
		{3CC05804-11DA-4505-A8D7-8B8FF7304F10} = {90298CBA-BD6F-3A0A-69D5-97CAD7B05E7E}
		{42E8FC5F-3B79-4BA3-BB9C-973497F724CC} = {90298CBA-BD6F-3A0A-69D5-97CAD7B05E7E}
		{BC05ED83-B87A-48A6-B917-1CEBE1C5C1A1} = {90298CBA-BD6F-3A0A-69D5-97CAD7B05E7E}
		{6F0992B9-E296-4027-845F-4EE93CDF769A} = {90298CBA-BD6F-3A0A-69D5-97CAD7B05E7E}
		{08C0E1E8-4B08-4124-92B9-217FCE197D18} = {90298CBA-BD6F-3A0A-69D5-97CAD7B05E7E}
		{B00887D6-A238-44AE-9302-A82B1F23E398} = {90298CBA-BD6F-3A0A-69D5-97CAD7B05E7E}
		{C498A7BA-130A-423A-AD4A-A589AB82EBA8} = {90298CBA-BD6F-3A0A-69D5-97CAD7B05E7E}
	EndGlobalSection
EndGlobal
