
Microsoft Visual Studio Solution File, Format Version 12.00
# Visual Studio Version 17
VisualStudioVersion = 17.0.31903.59
MinimumVisualStudioVersion = 10.0.40219.1
Project("{2150E333-8FDC-42A3-9474-1A3956D46DE8}") = "src", "src", "{827E0CD3-B72D-47B6-A68D-7590B98EB39B}"
EndProject
Project("{2150E333-8FDC-42A3-9474-1A3956D46DE8}") = "BuildingBlocks", "BuildingBlocks", "{90298CBA-BD6F-3A0A-69D5-97CAD7B05E7E}"
EndProject
Project("{FAE04EC0-301F-11D3-BF4B-00C04F79EFBC}") = "Enterprise.Security", "src\BuildingBlocks\Enterprise.Security\Enterprise.Security.csproj", "{1D81725E-BC36-434A-B6E3-7938490F4519}"
EndProject
Project("{FAE04EC0-301F-11D3-BF4B-00C04F79EFBC}") = "Enterprise.ServiceDefaults", "src\BuildingBlocks\Enterprise.ServiceDefaults\Enterprise.ServiceDefaults.csproj", "{2762686D-71D3-40C9-976D-CB62694D44F5}"
EndProject
Project("{FAE04EC0-301F-11D3-BF4B-00C04F79EFBC}") = "Gateway.Api", "src\Gateway\Gateway.Api\Gateway.Api.csproj", "{3A43D6CE-24F3-43E6-8DF0-844CD5A0F830}"
EndProject
Project("{FAE04EC0-301F-11D3-BF4B-00C04F79EFBC}") = "AuthService.Api", "src\Identity\AuthService.Api\AuthService.Api.csproj", "{B14E2FD4-78DC-46F9-BF01-94E651B28869}"
EndProject
Project("{FAE04EC0-301F-11D3-BF4B-00C04F79EFBC}") = "CatalogService.Api", "src\Services\Catalog\CatalogService.Api\CatalogService.Api.csproj", "{F549C5D1-2B25-4FA7-B781-C50F0313F63C}"
EndProject
Project("{FAE04EC0-301F-11D3-BF4B-00C04F79EFBC}") = "OrderingService.Api", "src\Services\Ordering\OrderingService.Api\OrderingService.Api.csproj", "{79B81332-FD5D-4559-A097-99415709CD08}"
EndProject
Project("{FAE04EC0-301F-11D3-BF4B-00C04F79EFBC}") = "Enterprise.UnitTests", "tests\Enterprise.UnitTests\Enterprise.UnitTests.csproj", "{3188EAD5-EA18-4DB5-87DB-B32710ED613D}"
EndProject
Project("{FAE04EC0-301F-11D3-BF4B-00C04F79EFBC}") = "Enterprise.IntegrationTests", "tests\Enterprise.IntegrationTests\Enterprise.IntegrationTests.csproj", "{6B15895F-396B-4A7E-8CF6-BAA10CF6041F}"
EndProject
Global
	GlobalSection(SolutionConfigurationPlatforms) = preSolution
		Debug|Any CPU = Debug|Any CPU
		Debug|x64 = Debug|x64
		Debug|x86 = Debug|x86
		Release|Any CPU = Release|Any CPU
		Release|x64 = Release|x64
		Release|x86 = Release|x86
	EndGlobalSection
	GlobalSection(ProjectConfigurationPlatforms) = postSolution
		{1D81725E-BC36-434A-B6E3-7938490F4519}.Debug|Any CPU.ActiveCfg = Debug|Any CPU
		{1D81725E-BC36-434A-B6E3-7938490F4519}.Debug|Any CPU.Build.0 = Debug|Any CPU
		{1D81725E-BC36-434A-B6E3-7938490F4519}.Debug|x64.ActiveCfg = Debug|Any CPU
		{1D81725E-BC36-434A-B6E3-7938490F4519}.Debug|x64.Build.0 = Debug|Any CPU
		{1D81725E-BC36-434A-B6E3-7938490F4519}.Debug|x86.ActiveCfg = Debug|Any CPU
		{1D81725E-BC36-434A-B6E3-7938490F4519}.Debug|x86.Build.0 = Debug|Any CPU
		{1D81725E-BC36-434A-B6E3-7938490F4519}.Release|Any CPU.ActiveCfg = Release|Any CPU
		{1D81725E-BC36-434A-B6E3-7938490F4519}.Release|Any CPU.Build.0 = Release|Any CPU
		{1D81725E-BC36-434A-B6E3-7938490F4519}.Release|x64.ActiveCfg = Release|Any CPU
		{1D81725E-BC36-434A-B6E3-7938490F4519}.Release|x64.Build.0 = Release|Any CPU
		{1D81725E-BC36-434A-B6E3-7938490F4519}.Release|x86.ActiveCfg = Release|Any CPU
		{1D81725E-BC36-434A-B6E3-7938490F4519}.Release|x86.Build.0 = Release|Any CPU
		{2762686D-71D3-40C9-976D-CB62694D44F5}.Debug|Any CPU.ActiveCfg = Debug|Any CPU
		{2762686D-71D3-40C9-976D-CB62694D44F5}.Debug|Any CPU.Build.0 = Debug|Any CPU
		{2762686D-71D3-40C9-976D-CB62694D44F5}.Debug|x64.ActiveCfg = Debug|Any CPU
		{2762686D-71D3-40C9-976D-CB62694D44F5}.Debug|x64.Build.0 = Debug|Any CPU
		{2762686D-71D3-40C9-976D-CB62694D44F5}.Debug|x86.ActiveCfg = Debug|Any CPU
		{2762686D-71D3-40C9-976D-CB62694D44F5}.Debug|x86.Build.0 = Debug|Any CPU
		{2762686D-71D3-40C9-976D-CB62694D44F5}.Release|Any CPU.ActiveCfg = Release|Any CPU
		{2762686D-71D3-40C9-976D-CB62694D44F5}.Release|Any CPU.Build.0 = Release|Any CPU
		{2762686D-71D3-40C9-976D-CB62694D44F5}.Release|x64.ActiveCfg = Release|Any CPU
		{2762686D-71D3-40C9-976D-CB62694D44F5}.Release|x64.Build.0 = Release|Any CPU
		{2762686D-71D3-40C9-976D-CB62694D44F5}.Release|x86.ActiveCfg = Release|Any CPU
		{2762686D-71D3-40C9-976D-CB62694D44F5}.Release|x86.Build.0 = Release|Any CPU
		{3A43D6CE-24F3-43E6-8DF0-844CD5A0F830}.Debug|Any CPU.ActiveCfg = Debug|Any CPU
		{3A43D6CE-24F3-43E6-8DF0-844CD5A0F830}.Debug|Any CPU.Build.0 = Debug|Any CPU
		{3A43D6CE-24F3-43E6-8DF0-844CD5A0F830}.Debug|x64.ActiveCfg = Debug|Any CPU
		{3A43D6CE-24F3-43E6-8DF0-844CD5A0F830}.Debug|x64.Build.0 = Debug|Any CPU
		{3A43D6CE-24F3-43E6-8DF0-844CD5A0F830}.Debug|x86.ActiveCfg = Debug|Any CPU
		{3A43D6CE-24F3-43E6-8DF0-844CD5A0F830}.Debug|x86.Build.0 = Debug|Any CPU
		{3A43D6CE-24F3-43E6-8DF0-844CD5A0F830}.Release|Any CPU.ActiveCfg = Release|Any CPU
		{3A43D6CE-24F3-43E6-8DF0-844CD5A0F830}.Release|Any CPU.Build.0 = Release|Any CPU
		{3A43D6CE-24F3-43E6-8DF0-844CD5A0F830}.Release|x64.ActiveCfg = Release|Any CPU
		{3A43D6CE-24F3-43E6-8DF0-844CD5A0F830}.Release|x64.Build.0 = Release|Any CPU
		{3A43D6CE-24F3-43E6-8DF0-844CD5A0F830}.Release|x86.ActiveCfg = Release|Any CPU
		{3A43D6CE-24F3-43E6-8DF0-844CD5A0F830}.Release|x86.Build.0 = Release|Any CPU
		{B14E2FD4-78DC-46F9-BF01-94E651B28869}.Debug|Any CPU.ActiveCfg = Debug|Any CPU
		{B14E2FD4-78DC-46F9-BF01-94E651B28869}.Debug|Any CPU.Build.0 = Debug|Any CPU
		{B14E2FD4-78DC-46F9-BF01-94E651B28869}.Debug|x64.ActiveCfg = Debug|Any CPU
		{B14E2FD4-78DC-46F9-BF01-94E651B28869}.Debug|x64.Build.0 = Debug|Any CPU
		{B14E2FD4-78DC-46F9-BF01-94E651B28869}.Debug|x86.ActiveCfg = Debug|Any CPU
		{B14E2FD4-78DC-46F9-BF01-94E651B28869}.Debug|x86.Build.0 = Debug|Any CPU
		{B14E2FD4-78DC-46F9-BF01-94E651B28869}.Release|Any CPU.ActiveCfg = Release|Any CPU
		{B14E2FD4-78DC-46F9-BF01-94E651B28869}.Release|Any CPU.Build.0 = Release|Any CPU
		{B14E2FD4-78DC-46F9-BF01-94E651B28869}.Release|x64.ActiveCfg = Release|Any CPU
		{B14E2FD4-78DC-46F9-BF01-94E651B28869}.Release|x64.Build.0 = Release|Any CPU
		{B14E2FD4-78DC-46F9-BF01-94E651B28869}.Release|x86.ActiveCfg = Release|Any CPU
		{B14E2FD4-78DC-46F9-BF01-94E651B28869}.Release|x86.Build.0 = Release|Any CPU
		{F549C5D1-2B25-4FA7-B781-C50F0313F63C}.Debug|Any CPU.ActiveCfg = Debug|Any CPU
		{F549C5D1-2B25-4FA7-B781-C50F0313F63C}.Debug|Any CPU.Build.0 = Debug|Any CPU
		{F549C5D1-2B25-4FA7-B781-C50F0313F63C}.Debug|x64.ActiveCfg = Debug|Any CPU
		{F549C5D1-2B25-4FA7-B781-C50F0313F63C}.Debug|x64.Build.0 = Debug|Any CPU
		{F549C5D1-2B25-4FA7-B781-C50F0313F63C}.Debug|x86.ActiveCfg = Debug|Any CPU
		{F549C5D1-2B25-4FA7-B781-C50F0313F63C}.Debug|x86.Build.0 = Debug|Any CPU
		{F549C5D1-2B25-4FA7-B781-C50F0313F63C}.Release|Any CPU.ActiveCfg = Release|Any CPU
		{F549C5D1-2B25-4FA7-B781-C50F0313F63C}.Release|Any CPU.Build.0 = Release|Any CPU
		{F549C5D1-2B25-4FA7-B781-C50F0313F63C}.Release|x64.ActiveCfg = Release|Any CPU
		{F549C5D1-2B25-4FA7-B781-C50F0313F63C}.Release|x64.Build.0 = Release|Any CPU
		{F549C5D1-2B25-4FA7-B781-C50F0313F63C}.Release|x86.ActiveCfg = Release|Any CPU
		{F549C5D1-2B25-4FA7-B781-C50F0313F63C}.Release|x86.Build.0 = Release|Any CPU
		{79B81332-FD5D-4559-A097-99415709CD08}.Debug|Any CPU.ActiveCfg = Debug|Any CPU
		{79B81332-FD5D-4559-A097-99415709CD08}.Debug|Any CPU.Build.0 = Debug|Any CPU
		{79B81332-FD5D-4559-A097-99415709CD08}.Debug|x64.ActiveCfg = Debug|Any CPU
		{79B81332-FD5D-4559-A097-99415709CD08}.Debug|x64.Build.0 = Debug|Any CPU
		{79B81332-FD5D-4559-A097-99415709CD08}.Debug|x86.ActiveCfg = Debug|Any CPU
		{79B81332-FD5D-4559-A097-99415709CD08}.Debug|x86.Build.0 = Debug|Any CPU
		{79B81332-FD5D-4559-A097-99415709CD08}.Release|Any CPU.ActiveCfg = Release|Any CPU
		{79B81332-FD5D-4559-A097-99415709CD08}.Release|Any CPU.Build.0 = Release|Any CPU
		{79B81332-FD5D-4559-A097-99415709CD08}.Release|x64.ActiveCfg = Release|Any CPU
		{79B81332-FD5D-4559-A097-99415709CD08}.Release|x64.Build.0 = Release|Any CPU
		{79B81332-FD5D-4559-A097-99415709CD08}.Release|x86.ActiveCfg = Release|Any CPU
		{79B81332-FD5D-4559-A097-99415709CD08}.Release|x86.Build.0 = Release|Any CPU
		{3188EAD5-EA18-4DB5-87DB-B32710ED613D}.Debug|Any CPU.ActiveCfg = Debug|Any CPU
		{3188EAD5-EA18-4DB5-87DB-B32710ED613D}.Debug|Any CPU.Build.0 = Debug|Any CPU
		{3188EAD5-EA18-4DB5-87DB-B32710ED613D}.Debug|x64.ActiveCfg = Debug|Any CPU
		{3188EAD5-EA18-4DB5-87DB-B32710ED613D}.Debug|x64.Build.0 = Debug|Any CPU
		{3188EAD5-EA18-4DB5-87DB-B32710ED613D}.Debug|x86.ActiveCfg = Debug|Any CPU
		{3188EAD5-EA18-4DB5-87DB-B32710ED613D}.Debug|x86.Build.0 = Debug|Any CPU
		{3188EAD5-EA18-4DB5-87DB-B32710ED613D}.Release|Any CPU.ActiveCfg = Release|Any CPU
		{3188EAD5-EA18-4DB5-87DB-B32710ED613D}.Release|Any CPU.Build.0 = Release|Any CPU
		{3188EAD5-EA18-4DB5-87DB-B32710ED613D}.Release|x64.ActiveCfg = Release|Any CPU
		{3188EAD5-EA18-4DB5-87DB-B32710ED613D}.Release|x64.Build.0 = Release|Any CPU
		{3188EAD5-EA18-4DB5-87DB-B32710ED613D}.Release|x86.ActiveCfg = Release|Any CPU
		{3188EAD5-EA18-4DB5-87DB-B32710ED613D}.Release|x86.Build.0 = Release|Any CPU
		{6B15895F-396B-4A7E-8CF6-BAA10CF6041F}.Debug|Any CPU.ActiveCfg = Debug|Any CPU
		{6B15895F-396B-4A7E-8CF6-BAA10CF6041F}.Debug|Any CPU.Build.0 = Debug|Any CPU
		{6B15895F-396B-4A7E-8CF6-BAA10CF6041F}.Debug|x64.ActiveCfg = Debug|Any CPU
		{6B15895F-396B-4A7E-8CF6-BAA10CF6041F}.Debug|x64.Build.0 = Debug|Any CPU
		{6B15895F-396B-4A7E-8CF6-BAA10CF6041F}.Debug|x86.ActiveCfg = Debug|Any CPU
		{6B15895F-396B-4A7E-8CF6-BAA10CF6041F}.Debug|x86.Build.0 = Debug|Any CPU
		{6B15895F-396B-4A7E-8CF6-BAA10CF6041F}.Release|Any CPU.ActiveCfg = Release|Any CPU
		{6B15895F-396B-4A7E-8CF6-BAA10CF6041F}.Release|Any CPU.Build.0 = Release|Any CPU
		{6B15895F-396B-4A7E-8CF6-BAA10CF6041F}.Release|x64.ActiveCfg = Release|Any CPU
		{6B15895F-396B-4A7E-8CF6-BAA10CF6041F}.Release|x64.Build.0 = Release|Any CPU
		{6B15895F-396B-4A7E-8CF6-BAA10CF6041F}.Release|x86.ActiveCfg = Release|Any CPU
		{6B15895F-396B-4A7E-8CF6-BAA10CF6041F}.Release|x86.Build.0 = Release|Any CPU
	EndGlobalSection
	GlobalSection(SolutionProperties) = preSolution
		HideSolutionNode = FALSE
	EndGlobalSection
	GlobalSection(NestedProjects) = preSolution
		{90298CBA-BD6F-3A0A-69D5-97CAD7B05E7E} = {827E0CD3-B72D-47B6-A68D-7590B98EB39B}
		{1D81725E-BC36-434A-B6E3-7938490F4519} = {90298CBA-BD6F-3A0A-69D5-97CAD7B05E7E}
		{2762686D-71D3-40C9-976D-CB62694D44F5} = {90298CBA-BD6F-3A0A-69D5-97CAD7B05E7E}
		{3A43D6CE-24F3-43E6-8DF0-844CD5A0F830} = {90298CBA-BD6F-3A0A-69D5-97CAD7B05E7E}
		{B14E2FD4-78DC-46F9-BF01-94E651B28869} = {90298CBA-BD6F-3A0A-69D5-97CAD7B05E7E}
		{F549C5D1-2B25-4FA7-B781-C50F0313F63C} = {90298CBA-BD6F-3A0A-69D5-97CAD7B05E7E}
		{79B81332-FD5D-4559-A097-99415709CD08} = {90298CBA-BD6F-3A0A-69D5-97CAD7B05E7E}
		{3188EAD5-EA18-4DB5-87DB-B32710ED613D} = {90298CBA-BD6F-3A0A-69D5-97CAD7B05E7E}
		{6B15895F-396B-4A7E-8CF6-BAA10CF6041F} = {90298CBA-BD6F-3A0A-69D5-97CAD7B05E7E}
	EndGlobalSection
EndGlobal
